# This file was autogenerated by Juvix version 0.6.2.
# Do not edit this file manually.

version: 2
checksum: 02d9520e22444b4ad60a0f000f5c4f0a8d220592393b944a8e19bb3dd6712712
dependencies:
- git:
    name: anoma_juvix-stdlib
    ref: 73ecbc57738f4bde6f4f39636436ba38504b33f6
    url: https://github.com/anoma/juvix-stdlib
  dependencies: []
