# This file was autogenerated by Juvix version 0.5.4.
# Do not edit this file manually.

version: 2
checksum: bb2c92390bf49873ae476fb3e816d2f9e2e86dbec0e584a0ccfe552ec0f2bda1
dependencies:
- git:
    name: anoma_juvix-stdlib
    ref: 183d4e9329a648b339ebecf2122b3e9621c99ee8
    url: https://github.com/anoma/juvix-stdlib
  dependencies: []
