# This file was autogenerated by Juvix version 0.6.10.
# Do not edit this file manually.

version: 2
checksum: 26a458687eccef6ddd71dc2da66159367baae981e817d1e9c5ec6bd413619a25
dependencies:
- git:
    name: anoma_juvix-stdlib
    ref: 01b1da83dd7d0d1c2396e26cf4ec0591cfbf5b15
    url: https://github.com/anoma/juvix-stdlib
  dependencies: []
