# This file was autogenerated by Juvix version 0.6.8.
# Do not edit this file manually.

version: 2
checksum: 307e5ef4b3124c659fdc9906f641cf6360ccde31cab68b934bf4a65b0ba83b9d
dependencies:
- path: ../
  dependencies:
  - git:
      name: anoma_juvix-stdlib
      ref: ff6d964320d24e3e8010733afcd886a62a56dd70
      url: https://github.com/anoma/juvix-stdlib
    dependencies: []
- git:
    name: anoma_juvix-stdlib
    ref: ff6d964320d24e3e8010733afcd886a62a56dd70
    url: https://github.com/anoma/juvix-stdlib
  dependencies: []
