# This file was autogenerated by Juvix version 0.5.4.
# Do not edit this file manually.

version: 2
checksum: bc44ac3a4265ab42f42880ebe71560cce855411ca98574181715b96d34543bb8
dependencies:
- path: ../
  dependencies:
  - git:
      name: anoma_juvix-stdlib
      ref: 183d4e9329a648b339ebecf2122b3e9621c99ee8
      url: https://github.com/anoma/juvix-stdlib
    dependencies: []
- git:
    name: anoma_juvix-stdlib
    ref: 183d4e9329a648b339ebecf2122b3e9621c99ee8
    url: https://github.com/anoma/juvix-stdlib
  dependencies: []
