# This file was autogenerated by Juvix version 0.6.10.
# Do not edit this file manually.

version: 2
checksum: ba16b1d9b9ecab041e850b1feb869067adffb1e673e1d6f8f2536d1e2e7623f4
dependencies:
- path: ../
  dependencies:
  - path: .juvix-build/0.6.10/stdlib/
    dependencies: []
- path: .juvix-build/0.6.10/stdlib/
  dependencies: []
